// !$*UTF8*$!
{
	archiveVersion = 1;
	classes = {
	};
	objectVersion = 77;
	objects = {

/* Begin PBXBuildFile section */
		1044B71DD818180882DCA91F /* UGCViewModel.swift in Sources */ = {isa = PBXBuildFile; fileRef = D8C1B7A601D5E43731A8363F /* UGCViewModel.swift */; };
		10BB90C3E435912ED1C0AC47 /* ExploreModel.swift in Sources */ = {isa = PBXBuildFile; fileRef = 4BB0EFDDD0A109806615386E /* ExploreModel.swift */; };
		1CA117CEF4DFECD33E2327D0 /* GumbyAIApp.swift in Sources */ = {isa = PBXBuildFile; fileRef = EA4FC942717BF451E7E63936 /* GumbyAIApp.swift */; };
		219CE888BD3EF1F30E648106 /* UGCChatStep.swift in Sources */ = {isa = PBXBuildFile; fileRef = 338678292C25E6F3C300A453 /* UGCChatStep.swift */; };
		242C00803187219F86146340 /* CalendarViewModel.swift in Sources */ = {isa = PBXBuildFile; fileRef = 0E092D9BD1A60A50EA3C2538 /* CalendarViewModel.swift */; };
		2B246C20145CE0D2B11B52E7 /* ChatView.swift in Sources */ = {isa = PBXBuildFile; fileRef = 440E91AFA494511C85FDD620 /* ChatView.swift */; };
		2B9F9B448A70F7800D9AD75B /* AuthService.swift in Sources */ = {isa = PBXBuildFile; fileRef = 5E85FEFFD6A23FF4D0F258C7 /* AuthService.swift */; };
		38BA2916EECAC0B11BC58767 /* UGCMyVideosView.swift in Sources */ = {isa = PBXBuildFile; fileRef = EAA930662A81E1CC581D1992 /* UGCMyVideosView.swift */; };
		3B68C13C408A1B4B8880FBD8 /* UGCService.swift in Sources */ = {isa = PBXBuildFile; fileRef = 7A38374DAEC0E93F48539A18 /* UGCService.swift */; };
		418E13255C25F0C3A925D087 /* APIService.swift in Sources */ = {isa = PBXBuildFile; fileRef = 78CC595D4EF5EFE0FEC1553F /* APIService.swift */; };
		440329F1BB496C312961A721 /* ImageUploadService.swift in Sources */ = {isa = PBXBuildFile; fileRef = 2558987DC923669B848A5BE0 /* ImageUploadService.swift */; };
		4849CD5F37E043CACB031CC5 /* UGCJob.swift in Sources */ = {isa = PBXBuildFile; fileRef = A185C3375CD6065433434E3F /* UGCJob.swift */; };
		505AC3D3B36C30D21F83CBB0 /* ExploreViewModel.swift in Sources */ = {isa = PBXBuildFile; fileRef = F0B0D23AC2D0F35A282E0732 /* ExploreViewModel.swift */; };
		53F6D7C9C665CCDA49882894 /* ModelCard.swift in Sources */ = {isa = PBXBuildFile; fileRef = B4BC1E4E77453368813A0DD8 /* ModelCard.swift */; };
		59C6CDD4CFEE8262ADFA3C4B /* SSEService.swift in Sources */ = {isa = PBXBuildFile; fileRef = EB6647687A2E715D5F440EA2 /* SSEService.swift */; };
		5C2BA615EEA4E064BEBE7BCB /* UGCTemplatesFeed.swift in Sources */ = {isa = PBXBuildFile; fileRef = C61D9BF666BFF21E44438827 /* UGCTemplatesFeed.swift */; };
		5CC81F1A081E16FE3D000224 /* UGCChatCards.swift in Sources */ = {isa = PBXBuildFile; fileRef = B3E74BE2FEF7C0F19D4B7EDB /* UGCChatCards.swift */; };
		6B8087D494DFBD72C153FAA0 /* UGCView.swift in Sources */ = {isa = PBXBuildFile; fileRef = 4531B869782BEAE63FD9391B /* UGCView.swift */; };
		6D8DC7DE00FE54369B8A6BB6 /* LibrarySheetView.swift in Sources */ = {isa = PBXBuildFile; fileRef = 8E9FC0267D1F94F9EA78F407 /* LibrarySheetView.swift */; };
		6FC25C9D4C83B6559D8EA263 /* MessageBubble.swift in Sources */ = {isa = PBXBuildFile; fileRef = 571EC0C3971652212523B966 /* MessageBubble.swift */; };
		73CBBF6C1388BEB0B050757A /* QuestionsCard.swift in Sources */ = {isa = PBXBuildFile; fileRef = B11B30E1041C4EF37EA31C37 /* QuestionsCard.swift */; };
		770A231D2D133D8F2D052C37 /* LibraryViewModel.swift in Sources */ = {isa = PBXBuildFile; fileRef = 62E9FC71E251327AA978E683 /* LibraryViewModel.swift */; };
		7DDEE956021A6B93AB537DE5 /* HistoryViewModel.swift in Sources */ = {isa = PBXBuildFile; fileRef = 066CACC6993AE463C467A491 /* HistoryViewModel.swift */; };
		8720A3683920F946BB4D89B9 /* SidebarView.swift in Sources */ = {isa = PBXBuildFile; fileRef = 18E5CDA325A4881BEF156230 /* SidebarView.swift */; };
		8E8D1298F7F6D12AC108F464 /* ChatMode.swift in Sources */ = {isa = PBXBuildFile; fileRef = 8BB5E0CE2B0B49CD3A450E1B /* ChatMode.swift */; };
		8F39586620A51D51EF7B8EBC /* HistoryView.swift in Sources */ = {isa = PBXBuildFile; fileRef = 3421C3D432FFEC9401B1053D /* HistoryView.swift */; };
		92474E67BCC0F826E1F3BCDE /* KeychainHelper.swift in Sources */ = {isa = PBXBuildFile; fileRef = D18AF1078C57AF091CBD82DD /* KeychainHelper.swift */; };
		94BBFFBBB8E808307EAAB5E7 /* SavedAsset.swift in Sources */ = {isa = PBXBuildFile; fileRef = 0C39A51F75B689665FBA8360 /* SavedAsset.swift */; };
		9E07701790B037CD56955986 /* UGCCreatorJob.swift in Sources */ = {isa = PBXBuildFile; fileRef = 3D09A4B99DE204F54DEFAF42 /* UGCCreatorJob.swift */; };
		9E268DDED4A01ECB7CC9B5DC /* PostsView.swift in Sources */ = {isa = PBXBuildFile; fileRef = F6ACAB05A4A7BCDD389879D2 /* PostsView.swift */; };
		A29E4E60DC1A879A4A25ED70 /* AuthView.swift in Sources */ = {isa = PBXBuildFile; fileRef = 56250E82A2630B6EE055EDD8 /* AuthView.swift */; };
		A55EC1CAC770E7F7DA0E52D9 /* RemoteImagePreview.swift in Sources */ = {isa = PBXBuildFile; fileRef = 0FEA85E04CB3D11535BF320E /* RemoteImagePreview.swift */; };
		A6158A4D899B0182C9C24E45 /* Conversation.swift in Sources */ = {isa = PBXBuildFile; fileRef = 3114C00A186FD87DB2F25482 /* Conversation.swift */; };
		A8BB61D975BE39DAB817B590 /* LoopingVideoView.swift in Sources */ = {isa = PBXBuildFile; fileRef = 748673CD393FB66300E3AEAB /* LoopingVideoView.swift */; };
		AF1F531638B9CD613E95082E /* ChatViewModel.swift in Sources */ = {isa = PBXBuildFile; fileRef = 12212E910084482550AF6BF7 /* ChatViewModel.swift */; };
		B323DD756F4CEB933007E23C /* Post.swift in Sources */ = {isa = PBXBuildFile; fileRef = 4A2DCF5E5A1710A795552781 /* Post.swift */; };
		B61F75B379A2D999A03D2672 /* CalendarView.swift in Sources */ = {isa = PBXBuildFile; fileRef = 959DB453AB2603D0492A7177 /* CalendarView.swift */; };
		B94B676742ACF627B3111C26 /* ContentView.swift in Sources */ = {isa = PBXBuildFile; fileRef = 243C6684EE4A6F1E6DE70E2D /* ContentView.swift */; };
		BA1EB7DA81317312297AEAE6 /* MoodBoardCard.swift in Sources */ = {isa = PBXBuildFile; fileRef = 126F2BF50F143D274251EB85 /* MoodBoardCard.swift */; };
		BCC22CB127474C7899DAF1C8 /* User.swift in Sources */ = {isa = PBXBuildFile; fileRef = 3431D0747F2A18B493F345E2 /* User.swift */; };
		BDBB3249AF208C37DD9BE5F9 /* SidebarViewModel.swift in Sources */ = {isa = PBXBuildFile; fileRef = 7E49937BF5F6698066552D8C /* SidebarViewModel.swift */; };
		BE944382C8B93CACD6242387 /* ExploreView.swift in Sources */ = {isa = PBXBuildFile; fileRef = E4F5B2DDC773CA2CEE5452F4 /* ExploreView.swift */; };
		C2ED662E7F0EAB7D08270B61 /* MoodBoard.swift in Sources */ = {isa = PBXBuildFile; fileRef = FBEF17698BEFA3AC4AAD357A /* MoodBoard.swift */; };
		C314E1E99CBF292BBD15C1CD /* GeneratedImagesStore.swift in Sources */ = {isa = PBXBuildFile; fileRef = 3AAE9C2588BE8C217586CEB1 /* GeneratedImagesStore.swift */; };
		CF0826A194E22A2802BEFE89 /* Assets.xcassets in Resources */ = {isa = PBXBuildFile; fileRef = CD9275348378EB0E86328112 /* Assets.xcassets */; };
		D07CCDC33414A192D05D4ED6 /* SuggestionChip.swift in Sources */ = {isa = PBXBuildFile; fileRef = 2B7762F490F7BB425D3DFA08 /* SuggestionChip.swift */; };
		E1404E138D70709D17334C03 /* APIResponse.swift in Sources */ = {isa = PBXBuildFile; fileRef = 5AC9B477DDC5B01DCFB15CC7 /* APIResponse.swift */; };
		E60E69A3229DB5D43C7974ED /* UGCTemplate.swift in Sources */ = {isa = PBXBuildFile; fileRef = 1AB9D873D860C587B1DEAACF /* UGCTemplate.swift */; };
		E64FBC538F4864A9149B19FC /* Constants.swift in Sources */ = {isa = PBXBuildFile; fileRef = 145484090FFA9D4B8A99D9C4 /* Constants.swift */; };
		EE43A0FDA7F532203CDEA9C2 /* Message.swift in Sources */ = {isa = PBXBuildFile; fileRef = C09339B675B7600AEC3CDAFC /* Message.swift */; };
/* End PBXBuildFile section */

/* Begin PBXFileReference section */
		066CACC6993AE463C467A491 /* HistoryViewModel.swift */ = {isa = PBXFileReference; lastKnownFileType = sourcecode.swift; path = HistoryViewModel.swift; sourceTree = "<group>"; };
		0C39A51F75B689665FBA8360 /* SavedAsset.swift */ = {isa = PBXFileReference; lastKnownFileType = sourcecode.swift; path = SavedAsset.swift; sourceTree = "<group>"; };
		0E092D9BD1A60A50EA3C2538 /* CalendarViewModel.swift */ = {isa = PBXFileReference; lastKnownFileType = sourcecode.swift; path = CalendarViewModel.swift; sourceTree = "<group>"; };
		0FEA85E04CB3D11535BF320E /* RemoteImagePreview.swift */ = {isa = PBXFileReference; lastKnownFileType = sourcecode.swift; path = RemoteImagePreview.swift; sourceTree = "<group>"; };
		12212E910084482550AF6BF7 /* ChatViewModel.swift */ = {isa = PBXFileReference; lastKnownFileType = sourcecode.swift; path = ChatViewModel.swift; sourceTree = "<group>"; };
		126F2BF50F143D274251EB85 /* MoodBoardCard.swift */ = {isa = PBXFileReference; lastKnownFileType = sourcecode.swift; path = MoodBoardCard.swift; sourceTree = "<group>"; };
		145484090FFA9D4B8A99D9C4 /* Constants.swift */ = {isa = PBXFileReference; lastKnownFileType = sourcecode.swift; path = Constants.swift; sourceTree = "<group>"; };
		18E5CDA325A4881BEF156230 /* SidebarView.swift */ = {isa = PBXFileReference; lastKnownFileType = sourcecode.swift; path = SidebarView.swift; sourceTree = "<group>"; };
		1AB9D873D860C587B1DEAACF /* UGCTemplate.swift */ = {isa = PBXFileReference; lastKnownFileType = sourcecode.swift; path = UGCTemplate.swift; sourceTree = "<group>"; };
		243C6684EE4A6F1E6DE70E2D /* ContentView.swift */ = {isa = PBXFileReference; lastKnownFileType = sourcecode.swift; path = ContentView.swift; sourceTree = "<group>"; };
		2558987DC923669B848A5BE0 /* ImageUploadService.swift */ = {isa = PBXFileReference; lastKnownFileType = sourcecode.swift; path = ImageUploadService.swift; sourceTree = "<group>"; };
		2B7762F490F7BB425D3DFA08 /* SuggestionChip.swift */ = {isa = PBXFileReference; lastKnownFileType = sourcecode.swift; path = SuggestionChip.swift; sourceTree = "<group>"; };
		3114C00A186FD87DB2F25482 /* Conversation.swift */ = {isa = PBXFileReference; lastKnownFileType = sourcecode.swift; path = Conversation.swift; sourceTree = "<group>"; };
		338678292C25E6F3C300A453 /* UGCChatStep.swift */ = {isa = PBXFileReference; lastKnownFileType = sourcecode.swift; path = UGCChatStep.swift; sourceTree = "<group>"; };
		3421C3D432FFEC9401B1053D /* HistoryView.swift */ = {isa = PBXFileReference; lastKnownFileType = sourcecode.swift; path = HistoryView.swift; sourceTree = "<group>"; };
		3431D0747F2A18B493F345E2 /* User.swift */ = {isa = PBXFileReference; lastKnownFileType = sourcecode.swift; path = User.swift; sourceTree = "<group>"; };
		398C4C0EEEB163EE0C37B2B7 /* Info.plist */ = {isa = PBXFileReference; lastKnownFileType = text.plist; path = Info.plist; sourceTree = "<group>"; };
		3AAE9C2588BE8C217586CEB1 /* GeneratedImagesStore.swift */ = {isa = PBXFileReference; lastKnownFileType = sourcecode.swift; path = GeneratedImagesStore.swift; sourceTree = "<group>"; };
		3D09A4B99DE204F54DEFAF42 /* UGCCreatorJob.swift */ = {isa = PBXFileReference; lastKnownFileType = sourcecode.swift; path = UGCCreatorJob.swift; sourceTree = "<group>"; };
		440E91AFA494511C85FDD620 /* ChatView.swift */ = {isa = PBXFileReference; lastKnownFileType = sourcecode.swift; path = ChatView.swift; sourceTree = "<group>"; };
		4531B869782BEAE63FD9391B /* UGCView.swift */ = {isa = PBXFileReference; lastKnownFileType = sourcecode.swift; path = UGCView.swift; sourceTree = "<group>"; };
		4A2DCF5E5A1710A795552781 /* Post.swift */ = {isa = PBXFileReference; lastKnownFileType = sourcecode.swift; path = Post.swift; sourceTree = "<group>"; };
		4BB0EFDDD0A109806615386E /* ExploreModel.swift */ = {isa = PBXFileReference; lastKnownFileType = sourcecode.swift; path = ExploreModel.swift; sourceTree = "<group>"; };
		56250E82A2630B6EE055EDD8 /* AuthView.swift */ = {isa = PBXFileReference; lastKnownFileType = sourcecode.swift; path = AuthView.swift; sourceTree = "<group>"; };
		571EC0C3971652212523B966 /* MessageBubble.swift */ = {isa = PBXFileReference; lastKnownFileType = sourcecode.swift; path = MessageBubble.swift; sourceTree = "<group>"; };
		5AC9B477DDC5B01DCFB15CC7 /* APIResponse.swift */ = {isa = PBXFileReference; lastKnownFileType = sourcecode.swift; path = APIResponse.swift; sourceTree = "<group>"; };
		5E85FEFFD6A23FF4D0F258C7 /* AuthService.swift */ = {isa = PBXFileReference; lastKnownFileType = sourcecode.swift; path = AuthService.swift; sourceTree = "<group>"; };
		62E9FC71E251327AA978E683 /* LibraryViewModel.swift */ = {isa = PBXFileReference; lastKnownFileType = sourcecode.swift; path = LibraryViewModel.swift; sourceTree = "<group>"; };
		748673CD393FB66300E3AEAB /* LoopingVideoView.swift */ = {isa = PBXFileReference; lastKnownFileType = sourcecode.swift; path = LoopingVideoView.swift; sourceTree = "<group>"; };
		78CC595D4EF5EFE0FEC1553F /* APIService.swift */ = {isa = PBXFileReference; lastKnownFileType = sourcecode.swift; path = APIService.swift; sourceTree = "<group>"; };
		7A38374DAEC0E93F48539A18 /* UGCService.swift */ = {isa = PBXFileReference; lastKnownFileType = sourcecode.swift; path = UGCService.swift; sourceTree = "<group>"; };
		7E49937BF5F6698066552D8C /* SidebarViewModel.swift */ = {isa = PBXFileReference; lastKnownFileType = sourcecode.swift; path = SidebarViewModel.swift; sourceTree = "<group>"; };
		8BB5E0CE2B0B49CD3A450E1B /* ChatMode.swift */ = {isa = PBXFileReference; lastKnownFileType = sourcecode.swift; path = ChatMode.swift; sourceTree = "<group>"; };
		8E9FC0267D1F94F9EA78F407 /* LibrarySheetView.swift */ = {isa = PBXFileReference; lastKnownFileType = sourcecode.swift; path = LibrarySheetView.swift; sourceTree = "<group>"; };
		959DB453AB2603D0492A7177 /* CalendarView.swift */ = {isa = PBXFileReference; lastKnownFileType = sourcecode.swift; path = CalendarView.swift; sourceTree = "<group>"; };
		A185C3375CD6065433434E3F /* UGCJob.swift */ = {isa = PBXFileReference; lastKnownFileType = sourcecode.swift; path = UGCJob.swift; sourceTree = "<group>"; };
		B11B30E1041C4EF37EA31C37 /* QuestionsCard.swift */ = {isa = PBXFileReference; lastKnownFileType = sourcecode.swift; path = QuestionsCard.swift; sourceTree = "<group>"; };
		B1A303DBF13E2E28C56E66B5 /* GumbyAI.entitlements */ = {isa = PBXFileReference; lastKnownFileType = text.plist.entitlements; path = GumbyAI.entitlements; sourceTree = "<group>"; };
		B3E74BE2FEF7C0F19D4B7EDB /* UGCChatCards.swift */ = {isa = PBXFileReference; lastKnownFileType = sourcecode.swift; path = UGCChatCards.swift; sourceTree = "<group>"; };
		B4BC1E4E77453368813A0DD8 /* ModelCard.swift */ = {isa = PBXFileReference; lastKnownFileType = sourcecode.swift; path = ModelCard.swift; sourceTree = "<group>"; };
		C09339B675B7600AEC3CDAFC /* Message.swift */ = {isa = PBXFileReference; lastKnownFileType = sourcecode.swift; path = Message.swift; sourceTree = "<group>"; };
		C0A4AB37C72BACEF26BABD1B /* GumbyAI.app */ = {isa = PBXFileReference; includeInIndex = 0; lastKnownFileType = wrapper.application; path = GumbyAI.app; sourceTree = BUILT_PRODUCTS_DIR; };
		C61D9BF666BFF21E44438827 /* UGCTemplatesFeed.swift */ = {isa = PBXFileReference; lastKnownFileType = sourcecode.swift; path = UGCTemplatesFeed.swift; sourceTree = "<group>"; };
		CD9275348378EB0E86328112 /* Assets.xcassets */ = {isa = PBXFileReference; lastKnownFileType = folder.assetcatalog; path = Assets.xcassets; sourceTree = "<group>"; };
		D18AF1078C57AF091CBD82DD /* KeychainHelper.swift */ = {isa = PBXFileReference; lastKnownFileType = sourcecode.swift; path = KeychainHelper.swift; sourceTree = "<group>"; };
		D8C1B7A601D5E43731A8363F /* UGCViewModel.swift */ = {isa = PBXFileReference; lastKnownFileType = sourcecode.swift; path = UGCViewModel.swift; sourceTree = "<group>"; };
		E4F5B2DDC773CA2CEE5452F4 /* ExploreView.swift */ = {isa = PBXFileReference; lastKnownFileType = sourcecode.swift; path = ExploreView.swift; sourceTree = "<group>"; };
		EA4FC942717BF451E7E63936 /* GumbyAIApp.swift */ = {isa = PBXFileReference; lastKnownFileType = sourcecode.swift; path = GumbyAIApp.swift; sourceTree = "<group>"; };
		EAA930662A81E1CC581D1992 /* UGCMyVideosView.swift */ = {isa = PBXFileReference; lastKnownFileType = sourcecode.swift; path = UGCMyVideosView.swift; sourceTree = "<group>"; };
		EB6647687A2E715D5F440EA2 /* SSEService.swift */ = {isa = PBXFileReference; lastKnownFileType = sourcecode.swift; path = SSEService.swift; sourceTree = "<group>"; };
		F0B0D23AC2D0F35A282E0732 /* ExploreViewModel.swift */ = {isa = PBXFileReference; lastKnownFileType = sourcecode.swift; path = ExploreViewModel.swift; sourceTree = "<group>"; };
		F6ACAB05A4A7BCDD389879D2 /* PostsView.swift */ = {isa = PBXFileReference; lastKnownFileType = sourcecode.swift; path = PostsView.swift; sourceTree = "<group>"; };
		FBEF17698BEFA3AC4AAD357A /* MoodBoard.swift */ = {isa = PBXFileReference; lastKnownFileType = sourcecode.swift; path = MoodBoard.swift; sourceTree = "<group>"; };
/* End PBXFileReference section */

/* Begin PBXGroup section */
		0C300A538F04A1C1C66D71A9 /* Products */ = {
			isa = PBXGroup;
			children = (
				C0A4AB37C72BACEF26BABD1B /* GumbyAI.app */,
			);
			name = Products;
			sourceTree = "<group>";
		};
		23EC643017EB9BDE0A05B58E /* Calendar */ = {
			isa = PBXGroup;
			children = (
				959DB453AB2603D0492A7177 /* CalendarView.swift */,
			);
			path = Calendar;
			sourceTree = "<group>";
		};
		2E576DED172E714F38096556 /* History */ = {
			isa = PBXGroup;
			children = (
				3421C3D432FFEC9401B1053D /* HistoryView.swift */,
			);
			path = History;
			sourceTree = "<group>";
		};
		2E980FEF33AAA7D2001FB3C7 /* Services */ = {
			isa = PBXGroup;
			children = (
				78CC595D4EF5EFE0FEC1553F /* APIService.swift */,
				5E85FEFFD6A23FF4D0F258C7 /* AuthService.swift */,
				3AAE9C2588BE8C217586CEB1 /* GeneratedImagesStore.swift */,
				2558987DC923669B848A5BE0 /* ImageUploadService.swift */,
				EB6647687A2E715D5F440EA2 /* SSEService.swift */,
				7A38374DAEC0E93F48539A18 /* UGCService.swift */,
			);
			path = Services;
			sourceTree = "<group>";
		};
		32C8459FF7FA0B4876574C38 /* Views */ = {
			isa = PBXGroup;
			children = (
				D23E46B9E5BED60C5A5AD5ED /* Auth */,
				23EC643017EB9BDE0A05B58E /* Calendar */,
				E5A7C242352E2BCCC8CEA249 /* Chat */,
				BB147D1D38E85584C833724B /* Explore */,
				2E576DED172E714F38096556 /* History */,
				D6E78C41B5114494131A0943 /* Library */,
				F86E9788780BB4DDA11DF10F /* Posts */,
				A2E91915266284E71B789F65 /* Sidebar */,
				A8715EB6B22BD9FFCDD3CEA9 /* UGC */,
			);
			path = Views;
			sourceTree = "<group>";
		};
		331089697F6E76385759B49A /* GumbyAI */ = {
			isa = PBXGroup;
			children = (
				6392599ABA67FF5D5DE21FCE /* Components */,
				65D80E01096ECFB6DC24A39B /* Models */,
				2E980FEF33AAA7D2001FB3C7 /* Services */,
				EA181BFC53472BBE456C4EE8 /* Utils */,
				EDACD4433DA3FC3B1EAF5903 /* ViewModels */,
				32C8459FF7FA0B4876574C38 /* Views */,
				CD9275348378EB0E86328112 /* Assets.xcassets */,
				243C6684EE4A6F1E6DE70E2D /* ContentView.swift */,
				B1A303DBF13E2E28C56E66B5 /* GumbyAI.entitlements */,
				EA4FC942717BF451E7E63936 /* GumbyAIApp.swift */,
				398C4C0EEEB163EE0C37B2B7 /* Info.plist */,
			);
			path = GumbyAI;
			sourceTree = "<group>";
		};
		6392599ABA67FF5D5DE21FCE /* Components */ = {
			isa = PBXGroup;
			children = (
				748673CD393FB66300E3AEAB /* LoopingVideoView.swift */,
				571EC0C3971652212523B966 /* MessageBubble.swift */,
				B4BC1E4E77453368813A0DD8 /* ModelCard.swift */,
				126F2BF50F143D274251EB85 /* MoodBoardCard.swift */,
				B11B30E1041C4EF37EA31C37 /* QuestionsCard.swift */,
				0FEA85E04CB3D11535BF320E /* RemoteImagePreview.swift */,
				2B7762F490F7BB425D3DFA08 /* SuggestionChip.swift */,
			);
			path = Components;
			sourceTree = "<group>";
		};
		649CFC86B5B2A02916B91185 = {
			isa = PBXGroup;
			children = (
				331089697F6E76385759B49A /* GumbyAI */,
				0C300A538F04A1C1C66D71A9 /* Products */,
			);
			sourceTree = "<group>";
		};
		65D80E01096ECFB6DC24A39B /* Models */ = {
			isa = PBXGroup;
			children = (
				5AC9B477DDC5B01DCFB15CC7 /* APIResponse.swift */,
				8BB5E0CE2B0B49CD3A450E1B /* ChatMode.swift */,
				3114C00A186FD87DB2F25482 /* Conversation.swift */,
				4BB0EFDDD0A109806615386E /* ExploreModel.swift */,
				C09339B675B7600AEC3CDAFC /* Message.swift */,
				FBEF17698BEFA3AC4AAD357A /* MoodBoard.swift */,
				4A2DCF5E5A1710A795552781 /* Post.swift */,
				0C39A51F75B689665FBA8360 /* SavedAsset.swift */,
				338678292C25E6F3C300A453 /* UGCChatStep.swift */,
				3D09A4B99DE204F54DEFAF42 /* UGCCreatorJob.swift */,
				A185C3375CD6065433434E3F /* UGCJob.swift */,
				1AB9D873D860C587B1DEAACF /* UGCTemplate.swift */,
				3431D0747F2A18B493F345E2 /* User.swift */,
			);
			path = Models;
			sourceTree = "<group>";
		};
		A2E91915266284E71B789F65 /* Sidebar */ = {
			isa = PBXGroup;
			children = (
				18E5CDA325A4881BEF156230 /* SidebarView.swift */,
			);
			path = Sidebar;
			sourceTree = "<group>";
		};
		A8715EB6B22BD9FFCDD3CEA9 /* UGC */ = {
			isa = PBXGroup;
			children = (
				EAA930662A81E1CC581D1992 /* UGCMyVideosView.swift */,
				C61D9BF666BFF21E44438827 /* UGCTemplatesFeed.swift */,
				4531B869782BEAE63FD9391B /* UGCView.swift */,
			);
			path = UGC;
			sourceTree = "<group>";
		};
		BB147D1D38E85584C833724B /* Explore */ = {
			isa = PBXGroup;
			children = (
				E4F5B2DDC773CA2CEE5452F4 /* ExploreView.swift */,
			);
			path = Explore;
			sourceTree = "<group>";
		};
		D23E46B9E5BED60C5A5AD5ED /* Auth */ = {
			isa = PBXGroup;
			children = (
				56250E82A2630B6EE055EDD8 /* AuthView.swift */,
			);
			path = Auth;
			sourceTree = "<group>";
		};
		D6E78C41B5114494131A0943 /* Library */ = {
			isa = PBXGroup;
			children = (
				8E9FC0267D1F94F9EA78F407 /* LibrarySheetView.swift */,
			);
			path = Library;
			sourceTree = "<group>";
		};
		E5A7C242352E2BCCC8CEA249 /* Chat */ = {
			isa = PBXGroup;
			children = (
				440E91AFA494511C85FDD620 /* ChatView.swift */,
				B3E74BE2FEF7C0F19D4B7EDB /* UGCChatCards.swift */,
			);
			path = Chat;
			sourceTree = "<group>";
		};
		EA181BFC53472BBE456C4EE8 /* Utils */ = {
			isa = PBXGroup;
			children = (
				145484090FFA9D4B8A99D9C4 /* Constants.swift */,
				D18AF1078C57AF091CBD82DD /* KeychainHelper.swift */,
			);
			path = Utils;
			sourceTree = "<group>";
		};
		EDACD4433DA3FC3B1EAF5903 /* ViewModels */ = {
			isa = PBXGroup;
			children = (
				0E092D9BD1A60A50EA3C2538 /* CalendarViewModel.swift */,
				12212E910084482550AF6BF7 /* ChatViewModel.swift */,
				F0B0D23AC2D0F35A282E0732 /* ExploreViewModel.swift */,
				066CACC6993AE463C467A491 /* HistoryViewModel.swift */,
				62E9FC71E251327AA978E683 /* LibraryViewModel.swift */,
				7E49937BF5F6698066552D8C /* SidebarViewModel.swift */,
				D8C1B7A601D5E43731A8363F /* UGCViewModel.swift */,
			);
			path = ViewModels;
			sourceTree = "<group>";
		};
		F86E9788780BB4DDA11DF10F /* Posts */ = {
			isa = PBXGroup;
			children = (
				F6ACAB05A4A7BCDD389879D2 /* PostsView.swift */,
			);
			path = Posts;
			sourceTree = "<group>";
		};
/* End PBXGroup section */

/* Begin PBXNativeTarget section */
		35B996F85C855B407432D918 /* GumbyAI */ = {
			isa = PBXNativeTarget;
			buildConfigurationList = 25830FE8DE0EC6BD746088DA /* Build configuration list for PBXNativeTarget "GumbyAI" */;
			buildPhases = (
				933CCBFBF2D86C6648F3D746 /* Sources */,
				7D56CC52D11688804924DBF1 /* Resources */,
			);
			buildRules = (
			);
			dependencies = (
			);
			name = GumbyAI;
			packageProductDependencies = (
			);
			productName = GumbyAI;
			productReference = C0A4AB37C72BACEF26BABD1B /* GumbyAI.app */;
			productType = "com.apple.product-type.application";
		};
/* End PBXNativeTarget section */

/* Begin PBXProject section */
		F771976CB0E0EB4C81EB990D /* Project object */ = {
			isa = PBXProject;
			attributes = {
				BuildIndependentTargetsInParallel = YES;
				LastUpgradeCheck = 1430;
				TargetAttributes = {
					35B996F85C855B407432D918 = {
						DevelopmentTeam = Q7BK95FM87;
						ProvisioningStyle = Automatic;
					};
				};
			};
			buildConfigurationList = E37FAA29BEF8DF882D2B8178 /* Build configuration list for PBXProject "GumbyAI" */;
			developmentRegion = en;
			hasScannedForEncodings = 0;
			knownRegions = (
				Base,
				en,
			);
			mainGroup = 649CFC86B5B2A02916B91185;
			minimizedProjectReferenceProxies = 1;
			preferredProjectObjectVersion = 77;
			productRefGroup = 0C300A538F04A1C1C66D71A9 /* Products */;
			projectDirPath = "";
			projectRoot = "";
			targets = (
				35B996F85C855B407432D918 /* GumbyAI */,
			);
		};
/* End PBXProject section */

/* Begin PBXResourcesBuildPhase section */
		7D56CC52D11688804924DBF1 /* Resources */ = {
			isa = PBXResourcesBuildPhase;
			buildActionMask = 2147483647;
			files = (
				CF0826A194E22A2802BEFE89 /* Assets.xcassets in Resources */,
			);
			runOnlyForDeploymentPostprocessing = 0;
		};
/* End PBXResourcesBuildPhase section */

/* Begin PBXSourcesBuildPhase section */
		933CCBFBF2D86C6648F3D746 /* Sources */ = {
			isa = PBXSourcesBuildPhase;
			buildActionMask = 2147483647;
			files = (
				E1404E138D70709D17334C03 /* APIResponse.swift in Sources */,
				418E13255C25F0C3A925D087 /* APIService.swift in Sources */,
				2B9F9B448A70F7800D9AD75B /* AuthService.swift in Sources */,
				A29E4E60DC1A879A4A25ED70 /* AuthView.swift in Sources */,
				B61F75B379A2D999A03D2672 /* CalendarView.swift in Sources */,
				242C00803187219F86146340 /* CalendarViewModel.swift in Sources */,
				8E8D1298F7F6D12AC108F464 /* ChatMode.swift in Sources */,
				2B246C20145CE0D2B11B52E7 /* ChatView.swift in Sources */,
				AF1F531638B9CD613E95082E /* ChatViewModel.swift in Sources */,
				E64FBC538F4864A9149B19FC /* Constants.swift in Sources */,
				B94B676742ACF627B3111C26 /* ContentView.swift in Sources */,
				A6158A4D899B0182C9C24E45 /* Conversation.swift in Sources */,
				10BB90C3E435912ED1C0AC47 /* ExploreModel.swift in Sources */,
				BE944382C8B93CACD6242387 /* ExploreView.swift in Sources */,
				505AC3D3B36C30D21F83CBB0 /* ExploreViewModel.swift in Sources */,
				C314E1E99CBF292BBD15C1CD /* GeneratedImagesStore.swift in Sources */,
				1CA117CEF4DFECD33E2327D0 /* GumbyAIApp.swift in Sources */,
				8F39586620A51D51EF7B8EBC /* HistoryView.swift in Sources */,
				7DDEE956021A6B93AB537DE5 /* HistoryViewModel.swift in Sources */,
				440329F1BB496C312961A721 /* ImageUploadService.swift in Sources */,
				92474E67BCC0F826E1F3BCDE /* KeychainHelper.swift in Sources */,
				6D8DC7DE00FE54369B8A6BB6 /* LibrarySheetView.swift in Sources */,
				770A231D2D133D8F2D052C37 /* LibraryViewModel.swift in Sources */,
				A8BB61D975BE39DAB817B590 /* LoopingVideoView.swift in Sources */,
				EE43A0FDA7F532203CDEA9C2 /* Message.swift in Sources */,
				6FC25C9D4C83B6559D8EA263 /* MessageBubble.swift in Sources */,
				53F6D7C9C665CCDA49882894 /* ModelCard.swift in Sources */,
				C2ED662E7F0EAB7D08270B61 /* MoodBoard.swift in Sources */,
				BA1EB7DA81317312297AEAE6 /* MoodBoardCard.swift in Sources */,
				B323DD756F4CEB933007E23C /* Post.swift in Sources */,
				9E268DDED4A01ECB7CC9B5DC /* PostsView.swift in Sources */,
				73CBBF6C1388BEB0B050757A /* QuestionsCard.swift in Sources */,
				A55EC1CAC770E7F7DA0E52D9 /* RemoteImagePreview.swift in Sources */,
				59C6CDD4CFEE8262ADFA3C4B /* SSEService.swift in Sources */,
				94BBFFBBB8E808307EAAB5E7 /* SavedAsset.swift in Sources */,
				8720A3683920F946BB4D89B9 /* SidebarView.swift in Sources */,
				BDBB3249AF208C37DD9BE5F9 /* SidebarViewModel.swift in Sources */,
				D07CCDC33414A192D05D4ED6 /* SuggestionChip.swift in Sources */,
				5CC81F1A081E16FE3D000224 /* UGCChatCards.swift in Sources */,
				219CE888BD3EF1F30E648106 /* UGCChatStep.swift in Sources */,
				9E07701790B037CD56955986 /* UGCCreatorJob.swift in Sources */,
				4849CD5F37E043CACB031CC5 /* UGCJob.swift in Sources */,
				38BA2916EECAC0B11BC58767 /* UGCMyVideosView.swift in Sources */,
				3B68C13C408A1B4B8880FBD8 /* UGCService.swift in Sources */,
				E60E69A3229DB5D43C7974ED /* UGCTemplate.swift in Sources */,
				5C2BA615EEA4E064BEBE7BCB /* UGCTemplatesFeed.swift in Sources */,
				6B8087D494DFBD72C153FAA0 /* UGCView.swift in Sources */,
				1044B71DD818180882DCA91F /* UGCViewModel.swift in Sources */,
				BCC22CB127474C7899DAF1C8 /* User.swift in Sources */,
			);
			runOnlyForDeploymentPostprocessing = 0;
		};
/* End PBXSourcesBuildPhase section */

/* Begin XCBuildConfiguration section */
		39C3E1F3D013B59B7E515796 /* Release */ = {
			isa = XCBuildConfiguration;
			buildSettings = {
				ASSETCATALOG_COMPILER_APPICON_NAME = AppIcon;
				ASSETCATALOG_COMPILER_GLOBAL_ACCENT_COLOR_NAME = AccentColor;
				CODE_SIGN_ENTITLEMENTS = GumbyAI/GumbyAI.entitlements;
				CODE_SIGN_IDENTITY = "iPhone Developer";
				CODE_SIGN_STYLE = Automatic;
				CURRENT_PROJECT_VERSION = 1;
				DEVELOPMENT_TEAM = Q7BK95FM87;
				GENERATE_INFOPLIST_FILE = NO;
				INFOPLIST_FILE = GumbyAI/Info.plist;
				LD_RUNPATH_SEARCH_PATHS = (
					"$(inherited)",
					"@executable_path/Frameworks",
				);
				MARKETING_VERSION = 1.0;
				PRODUCT_BUNDLE_IDENTIFIER = com.ishaan.gumby;
				SDKROOT = iphoneos;
				SUPPORTED_PLATFORMS = "iphoneos iphonesimulator";
				SUPPORTS_MACCATALYST = NO;
				SWIFT_VERSION = 5.9;
				TARGETED_DEVICE_FAMILY = "1,2";
			};
			name = Release;
		};
		A94854CB7EFB89E57F16F2B7 /* Debug */ = {
			isa = XCBuildConfiguration;
			buildSettings = {
				ASSETCATALOG_COMPILER_APPICON_NAME = AppIcon;
				ASSETCATALOG_COMPILER_GLOBAL_ACCENT_COLOR_NAME = AccentColor;
				CODE_SIGN_ENTITLEMENTS = GumbyAI/GumbyAI.entitlements;
				CODE_SIGN_IDENTITY = "iPhone Developer";
				CODE_SIGN_STYLE = Automatic;
				CURRENT_PROJECT_VERSION = 1;
				DEVELOPMENT_TEAM = Q7BK95FM87;
				GENERATE_INFOPLIST_FILE = NO;
				INFOPLIST_FILE = GumbyAI/Info.plist;
				LD_RUNPATH_SEARCH_PATHS = (
					"$(inherited)",
					"@executable_path/Frameworks",
				);
				MARKETING_VERSION = 1.0;
				PRODUCT_BUNDLE_IDENTIFIER = com.ishaan.gumby;
				SDKROOT = iphoneos;
				SUPPORTED_PLATFORMS = "iphoneos iphonesimulator";
				SUPPORTS_MACCATALYST = NO;
				SWIFT_VERSION = 5.9;
				TARGETED_DEVICE_FAMILY = "1,2";
			};
			name = Debug;
		};
		B2A92F277279A365B6E7CE64 /* Debug */ = {
			isa = XCBuildConfiguration;
			buildSettings = {
				ALWAYS_SEARCH_USER_PATHS = NO;
				CLANG_ANALYZER_NONNULL = YES;
				CLANG_ANALYZER_NUMBER_OBJECT_CONVERSION = YES_AGGRESSIVE;
				CLANG_CXX_LANGUAGE_STANDARD = "gnu++14";
				CLANG_CXX_LIBRARY = "libc++";
				CLANG_ENABLE_MODULES = YES;
				CLANG_ENABLE_OBJC_ARC = YES;
				CLANG_ENABLE_OBJC_WEAK = YES;
				CLANG_WARN_BLOCK_CAPTURE_AUTORELEASING = YES;
				CLANG_WARN_BOOL_CONVERSION = YES;
				CLANG_WARN_COMMA = YES;
				CLANG_WARN_CONSTANT_CONVERSION = YES;
				CLANG_WARN_DEPRECATED_OBJC_IMPLEMENTATIONS = YES;
				CLANG_WARN_DIRECT_OBJC_ISA_USAGE = YES_ERROR;
				CLANG_WARN_DOCUMENTATION_COMMENTS = YES;
				CLANG_WARN_EMPTY_BODY = YES;
				CLANG_WARN_ENUM_CONVERSION = YES;
				CLANG_WARN_INFINITE_RECURSION = YES;
				CLANG_WARN_INT_CONVERSION = YES;
				CLANG_WARN_NON_LITERAL_NULL_CONVERSION = YES;
				CLANG_WARN_OBJC_IMPLICIT_RETAIN_SELF = YES;
				CLANG_WARN_OBJC_LITERAL_CONVERSION = YES;
				CLANG_WARN_OBJC_ROOT_CLASS = YES_ERROR;
				CLANG_WARN_QUOTED_INCLUDE_IN_FRAMEWORK_HEADER = YES;
				CLANG_WARN_RANGE_LOOP_ANALYSIS = YES;
				CLANG_WARN_STRICT_PROTOTYPES = YES;
				CLANG_WARN_SUSPICIOUS_MOVE = YES;
				CLANG_WARN_UNGUARDED_AVAILABILITY = YES_AGGRESSIVE;
				CLANG_WARN_UNREACHABLE_CODE = YES;
				CLANG_WARN__DUPLICATE_METHOD_MATCH = YES;
				COPY_PHASE_STRIP = NO;
				DEBUG_INFORMATION_FORMAT = dwarf;
				ENABLE_STRICT_OBJC_MSGSEND = YES;
				ENABLE_TESTABILITY = YES;
				GCC_C_LANGUAGE_STANDARD = gnu11;
				GCC_DYNAMIC_NO_PIC = NO;
				GCC_NO_COMMON_BLOCKS = YES;
				GCC_OPTIMIZATION_LEVEL = 0;
				GCC_PREPROCESSOR_DEFINITIONS = (
					"$(inherited)",
					"DEBUG=1",
				);
				GCC_WARN_64_TO_32_BIT_CONVERSION = YES;
				GCC_WARN_ABOUT_RETURN_TYPE = YES_ERROR;
				GCC_WARN_UNDECLARED_SELECTOR = YES;
				GCC_WARN_UNINITIALIZED_AUTOS = YES_AGGRESSIVE;
				GCC_WARN_UNUSED_FUNCTION = YES;
				GCC_WARN_UNUSED_VARIABLE = YES;
				IPHONEOS_DEPLOYMENT_TARGET = 17.0;
				MTL_ENABLE_DEBUG_INFO = INCLUDE_SOURCE;
				MTL_FAST_MATH = YES;
				ONLY_ACTIVE_ARCH = YES;
				PRODUCT_NAME = "$(TARGET_NAME)";
				SDKROOT = iphoneos;
				SWIFT_ACTIVE_COMPILATION_CONDITIONS = DEBUG;
				SWIFT_OPTIMIZATION_LEVEL = "-Onone";
				SWIFT_VERSION = 5.0;
			};
			name = Debug;
		};
		CDCC9583D30571B4F0E37287 /* Release */ = {
			isa = XCBuildConfiguration;
			buildSettings = {
				ALWAYS_SEARCH_USER_PATHS = NO;
				CLANG_ANALYZER_NONNULL = YES;
				CLANG_ANALYZER_NUMBER_OBJECT_CONVERSION = YES_AGGRESSIVE;
				CLANG_CXX_LANGUAGE_STANDARD = "gnu++14";
				CLANG_CXX_LIBRARY = "libc++";
				CLANG_ENABLE_MODULES = YES;
				CLANG_ENABLE_OBJC_ARC = YES;
				CLANG_ENABLE_OBJC_WEAK = YES;
				CLANG_WARN_BLOCK_CAPTURE_AUTORELEASING = YES;
				CLANG_WARN_BOOL_CONVERSION = YES;
				CLANG_WARN_COMMA = YES;
				CLANG_WARN_CONSTANT_CONVERSION = YES;
				CLANG_WARN_DEPRECATED_OBJC_IMPLEMENTATIONS = YES;
				CLANG_WARN_DIRECT_OBJC_ISA_USAGE = YES_ERROR;
				CLANG_WARN_DOCUMENTATION_COMMENTS = YES;
				CLANG_WARN_EMPTY_BODY = YES;
				CLANG_WARN_ENUM_CONVERSION = YES;
				CLANG_WARN_INFINITE_RECURSION = YES;
				CLANG_WARN_INT_CONVERSION = YES;
				CLANG_WARN_NON_LITERAL_NULL_CONVERSION = YES;
				CLANG_WARN_OBJC_IMPLICIT_RETAIN_SELF = YES;
				CLANG_WARN_OBJC_LITERAL_CONVERSION = YES;
				CLANG_WARN_OBJC_ROOT_CLASS = YES_ERROR;
				CLANG_WARN_QUOTED_INCLUDE_IN_FRAMEWORK_HEADER = YES;
				CLANG_WARN_RANGE_LOOP_ANALYSIS = YES;
				CLANG_WARN_STRICT_PROTOTYPES = YES;
				CLANG_WARN_SUSPICIOUS_MOVE = YES;
				CLANG_WARN_UNGUARDED_AVAILABILITY = YES_AGGRESSIVE;
				CLANG_WARN_UNREACHABLE_CODE = YES;
				CLANG_WARN__DUPLICATE_METHOD_MATCH = YES;
				COPY_PHASE_STRIP = NO;
				DEBUG_INFORMATION_FORMAT = "dwarf-with-dsym";
				ENABLE_NS_ASSERTIONS = NO;
				ENABLE_STRICT_OBJC_MSGSEND = YES;
				GCC_C_LANGUAGE_STANDARD = gnu11;
				GCC_NO_COMMON_BLOCKS = YES;
				GCC_WARN_64_TO_32_BIT_CONVERSION = YES;
				GCC_WARN_ABOUT_RETURN_TYPE = YES_ERROR;
				GCC_WARN_UNDECLARED_SELECTOR = YES;
				GCC_WARN_UNINITIALIZED_AUTOS = YES_AGGRESSIVE;
				GCC_WARN_UNUSED_FUNCTION = YES;
				GCC_WARN_UNUSED_VARIABLE = YES;
				IPHONEOS_DEPLOYMENT_TARGET = 17.0;
				MTL_ENABLE_DEBUG_INFO = NO;
				MTL_FAST_MATH = YES;
				PRODUCT_NAME = "$(TARGET_NAME)";
				SDKROOT = iphoneos;
				SWIFT_COMPILATION_MODE = wholemodule;
				SWIFT_OPTIMIZATION_LEVEL = "-O";
				SWIFT_VERSION = 5.0;
			};
			name = Release;
		};
/* End XCBuildConfiguration section */

/* Begin XCConfigurationList section */
		25830FE8DE0EC6BD746088DA /* Build configuration list for PBXNativeTarget "GumbyAI" */ = {
			isa = XCConfigurationList;
			buildConfigurations = (
				A94854CB7EFB89E57F16F2B7 /* Debug */,
				39C3E1F3D013B59B7E515796 /* Release */,
			);
			defaultConfigurationIsVisible = 0;
			defaultConfigurationName = Debug;
		};
		E37FAA29BEF8DF882D2B8178 /* Build configuration list for PBXProject "GumbyAI" */ = {
			isa = XCConfigurationList;
			buildConfigurations = (
				B2A92F277279A365B6E7CE64 /* Debug */,
				CDCC9583D30571B4F0E37287 /* Release */,
			);
			defaultConfigurationIsVisible = 0;
			defaultConfigurationName = Debug;
		};
/* End XCConfigurationList section */
	};
	rootObject = F771976CB0E0EB4C81EB990D /* Project object */;
}
